
Microsoft Visual Studio Solution File, Format Version 12.00
# Visual Studio 2012
Project("{2150E333-8FDC-42A3-9474-1A3956D46DE8}") = "Tests", "Tests", "{FD8999A0-F6A0-4377-AE4B-41DA113F1D73}"
EndProject
Project("{FAE04EC0-301F-11D3-BF4B-00C04F79EFBC}") = "HGMF2018", "HGMF2017\HGMF2018.csproj", "{5E2C6CB7-7697-44E3-A8F4-BC8965E449DF}"
EndProject
Project("{FAE04EC0-301F-11D3-BF4B-00C04F79EFBC}") = "HGMF2018.iOS", "HGMF2017.iOS\HGMF2018.iOS.csproj", "{50CDA655-D25C-48CE-8CEF-3421331A4B42}"
EndProject
Project("{FAE04EC0-301F-11D3-BF4B-00C04F79EFBC}") = "HGMF2018.Droid", "HGMF2017.Droid\HGMF2018.Droid.csproj", "{1DB15AD8-0B86-409B-9D94-365A958193B0}"
EndProject
Project("{FAE04EC0-301F-11D3-BF4B-00C04F79EFBC}") = "HGMF2018.UITest", "Tests\HGMF2017.UITest\HGMF2018.UITest.csproj", "{F98952B6-6832-4AA7-80A4-C1BFA99CB4B7}"
EndProject
Global
	GlobalSection(SolutionConfigurationPlatforms) = preSolution
		Debug|Any CPU = Debug|Any CPU
		Release|Any CPU = Release|Any CPU
		Debug|iPhoneSimulator = Debug|iPhoneSimulator
		Release|iPhone = Release|iPhone
		Release|iPhoneSimulator = Release|iPhoneSimulator
		Debug|iPhone = Debug|iPhone
	EndGlobalSection
	GlobalSection(ProjectConfigurationPlatforms) = postSolution
		{5E2C6CB7-7697-44E3-A8F4-BC8965E449DF}.Debug|Any CPU.ActiveCfg = Debug|Any CPU
		{5E2C6CB7-7697-44E3-A8F4-BC8965E449DF}.Debug|Any CPU.Build.0 = Debug|Any CPU
		{5E2C6CB7-7697-44E3-A8F4-BC8965E449DF}.Release|Any CPU.ActiveCfg = Release|Any CPU
		{5E2C6CB7-7697-44E3-A8F4-BC8965E449DF}.Release|Any CPU.Build.0 = Release|Any CPU
		{5E2C6CB7-7697-44E3-A8F4-BC8965E449DF}.Debug|iPhoneSimulator.ActiveCfg = Debug|Any CPU
		{5E2C6CB7-7697-44E3-A8F4-BC8965E449DF}.Debug|iPhoneSimulator.Build.0 = Debug|Any CPU
		{5E2C6CB7-7697-44E3-A8F4-BC8965E449DF}.Release|iPhone.ActiveCfg = Release|Any CPU
		{5E2C6CB7-7697-44E3-A8F4-BC8965E449DF}.Release|iPhone.Build.0 = Release|Any CPU
		{5E2C6CB7-7697-44E3-A8F4-BC8965E449DF}.Release|iPhoneSimulator.ActiveCfg = Release|Any CPU
		{5E2C6CB7-7697-44E3-A8F4-BC8965E449DF}.Release|iPhoneSimulator.Build.0 = Release|Any CPU
		{5E2C6CB7-7697-44E3-A8F4-BC8965E449DF}.Debug|iPhone.ActiveCfg = Debug|Any CPU
		{5E2C6CB7-7697-44E3-A8F4-BC8965E449DF}.Debug|iPhone.Build.0 = Debug|Any CPU
		{50CDA655-D25C-48CE-8CEF-3421331A4B42}.Debug|Any CPU.ActiveCfg = Debug|iPhoneSimulator
		{50CDA655-D25C-48CE-8CEF-3421331A4B42}.Release|Any CPU.ActiveCfg = Release|iPhone
		{50CDA655-D25C-48CE-8CEF-3421331A4B42}.Debug|iPhoneSimulator.ActiveCfg = Debug|iPhoneSimulator
		{50CDA655-D25C-48CE-8CEF-3421331A4B42}.Debug|iPhoneSimulator.Build.0 = Debug|iPhoneSimulator
		{50CDA655-D25C-48CE-8CEF-3421331A4B42}.Release|iPhone.ActiveCfg = Release|iPhone
		{50CDA655-D25C-48CE-8CEF-3421331A4B42}.Release|iPhone.Build.0 = Release|iPhone
		{50CDA655-D25C-48CE-8CEF-3421331A4B42}.Release|iPhoneSimulator.ActiveCfg = Release|iPhoneSimulator
		{50CDA655-D25C-48CE-8CEF-3421331A4B42}.Release|iPhoneSimulator.Build.0 = Release|iPhoneSimulator
		{50CDA655-D25C-48CE-8CEF-3421331A4B42}.Debug|iPhone.ActiveCfg = Debug|iPhone
		{50CDA655-D25C-48CE-8CEF-3421331A4B42}.Debug|iPhone.Build.0 = Debug|iPhone
		{1DB15AD8-0B86-409B-9D94-365A958193B0}.Debug|Any CPU.ActiveCfg = Debug|Any CPU
		{1DB15AD8-0B86-409B-9D94-365A958193B0}.Debug|Any CPU.Build.0 = Debug|Any CPU
		{1DB15AD8-0B86-409B-9D94-365A958193B0}.Release|Any CPU.ActiveCfg = Release|Any CPU
		{1DB15AD8-0B86-409B-9D94-365A958193B0}.Release|Any CPU.Build.0 = Release|Any CPU
		{1DB15AD8-0B86-409B-9D94-365A958193B0}.Debug|iPhoneSimulator.ActiveCfg = Debug|Any CPU
		{1DB15AD8-0B86-409B-9D94-365A958193B0}.Release|iPhone.ActiveCfg = Release|Any CPU
		{1DB15AD8-0B86-409B-9D94-365A958193B0}.Release|iPhoneSimulator.ActiveCfg = Release|Any CPU
		{1DB15AD8-0B86-409B-9D94-365A958193B0}.Debug|iPhone.ActiveCfg = Debug|Any CPU
		{F98952B6-6832-4AA7-80A4-C1BFA99CB4B7}.Debug|Any CPU.ActiveCfg = Debug|Any CPU
		{F98952B6-6832-4AA7-80A4-C1BFA99CB4B7}.Debug|Any CPU.Build.0 = Debug|Any CPU
		{F98952B6-6832-4AA7-80A4-C1BFA99CB4B7}.Release|Any CPU.ActiveCfg = Release|Any CPU
		{F98952B6-6832-4AA7-80A4-C1BFA99CB4B7}.Release|Any CPU.Build.0 = Release|Any CPU
		{F98952B6-6832-4AA7-80A4-C1BFA99CB4B7}.Debug|iPhoneSimulator.ActiveCfg = Debug|Any CPU
		{F98952B6-6832-4AA7-80A4-C1BFA99CB4B7}.Debug|iPhoneSimulator.Build.0 = Debug|Any CPU
		{F98952B6-6832-4AA7-80A4-C1BFA99CB4B7}.Release|iPhone.ActiveCfg = Release|Any CPU
		{F98952B6-6832-4AA7-80A4-C1BFA99CB4B7}.Release|iPhone.Build.0 = Release|Any CPU
		{F98952B6-6832-4AA7-80A4-C1BFA99CB4B7}.Release|iPhoneSimulator.ActiveCfg = Release|Any CPU
		{F98952B6-6832-4AA7-80A4-C1BFA99CB4B7}.Release|iPhoneSimulator.Build.0 = Release|Any CPU
		{F98952B6-6832-4AA7-80A4-C1BFA99CB4B7}.Debug|iPhone.ActiveCfg = Debug|Any CPU
		{F98952B6-6832-4AA7-80A4-C1BFA99CB4B7}.Debug|iPhone.Build.0 = Debug|Any CPU
	EndGlobalSection
	GlobalSection(NestedProjects) = preSolution
		{F98952B6-6832-4AA7-80A4-C1BFA99CB4B7} = {FD8999A0-F6A0-4377-AE4B-41DA113F1D73}
	EndGlobalSection
EndGlobal
