
Microsoft Visual Studio Solution File, Format Version 12.00
# Visual Studio 2012
Project("{FAE04EC0-301F-11D3-BF4B-00C04F79EFBC}") = "HGMF2018.iOS", "HGMF2018.iOS\HGMF2018.iOS.csproj", "{50CDA655-D25C-48CE-8CEF-3421331A4B42}"
EndProject
Project("{FAE04EC0-301F-11D3-BF4B-00C04F79EFBC}") = "HGMF2018.Droid", "HGMF2018.Droid\HGMF2018.Droid.csproj", "{1DB15AD8-0B86-409B-9D94-365A958193B0}"
EndProject
Project("{FAE04EC0-301F-11D3-BF4B-00C04F79EFBC}") = "HGMF2018.Core", "HGMF2018.Core\HGMF2018.Core.csproj", "{AA5C93E2-24C4-4EBC-B40F-7A8D3F5BAB68}"
EndProject
Project("{2150E333-8FDC-42A3-9474-1A3956D46DE8}") = "Extra", "Extra", "{8CB35472-EF3B-48B8-9CAE-F5FCB94B4283}"
EndProject
Project("{FAE04EC0-301F-11D3-BF4B-00C04F79EFBC}") = "HGMF2018.PushNotificationSendTest", "HGMF2018.PushNotificationSendTest\HGMF2018.PushNotificationSendTest.csproj", "{DD3F752B-16D5-44A5-959C-FF6D9AAABC4C}"
EndProject
Global
	GlobalSection(SolutionConfigurationPlatforms) = preSolution
		Debug|Any CPU = Debug|Any CPU
		Release|Any CPU = Release|Any CPU
		Debug|iPhoneSimulator = Debug|iPhoneSimulator
		Release|iPhone = Release|iPhone
		Release|iPhoneSimulator = Release|iPhoneSimulator
		Debug|iPhone = Debug|iPhone
	EndGlobalSection
	GlobalSection(ProjectConfigurationPlatforms) = postSolution
		{50CDA655-D25C-48CE-8CEF-3421331A4B42}.Debug|Any CPU.ActiveCfg = Debug|iPhoneSimulator
		{50CDA655-D25C-48CE-8CEF-3421331A4B42}.Release|Any CPU.ActiveCfg = Release|iPhone
		{50CDA655-D25C-48CE-8CEF-3421331A4B42}.Debug|iPhoneSimulator.ActiveCfg = Debug|iPhoneSimulator
		{50CDA655-D25C-48CE-8CEF-3421331A4B42}.Debug|iPhoneSimulator.Build.0 = Debug|iPhoneSimulator
		{50CDA655-D25C-48CE-8CEF-3421331A4B42}.Release|iPhone.ActiveCfg = Release|iPhone
		{50CDA655-D25C-48CE-8CEF-3421331A4B42}.Release|iPhone.Build.0 = Release|iPhone
		{50CDA655-D25C-48CE-8CEF-3421331A4B42}.Release|iPhoneSimulator.ActiveCfg = Release|iPhoneSimulator
		{50CDA655-D25C-48CE-8CEF-3421331A4B42}.Release|iPhoneSimulator.Build.0 = Release|iPhoneSimulator
		{50CDA655-D25C-48CE-8CEF-3421331A4B42}.Debug|iPhone.ActiveCfg = Debug|iPhone
		{50CDA655-D25C-48CE-8CEF-3421331A4B42}.Debug|iPhone.Build.0 = Debug|iPhone
		{1DB15AD8-0B86-409B-9D94-365A958193B0}.Debug|Any CPU.ActiveCfg = Debug|Any CPU
		{1DB15AD8-0B86-409B-9D94-365A958193B0}.Debug|Any CPU.Build.0 = Debug|Any CPU
		{1DB15AD8-0B86-409B-9D94-365A958193B0}.Release|Any CPU.ActiveCfg = Release|Any CPU
		{1DB15AD8-0B86-409B-9D94-365A958193B0}.Release|Any CPU.Build.0 = Release|Any CPU
		{1DB15AD8-0B86-409B-9D94-365A958193B0}.Debug|iPhoneSimulator.ActiveCfg = Debug|Any CPU
		{1DB15AD8-0B86-409B-9D94-365A958193B0}.Release|iPhone.ActiveCfg = Release|Any CPU
		{1DB15AD8-0B86-409B-9D94-365A958193B0}.Release|iPhoneSimulator.ActiveCfg = Release|Any CPU
		{1DB15AD8-0B86-409B-9D94-365A958193B0}.Debug|iPhone.ActiveCfg = Debug|Any CPU
		{AA5C93E2-24C4-4EBC-B40F-7A8D3F5BAB68}.Debug|Any CPU.ActiveCfg = Debug|Any CPU
		{AA5C93E2-24C4-4EBC-B40F-7A8D3F5BAB68}.Debug|Any CPU.Build.0 = Debug|Any CPU
		{AA5C93E2-24C4-4EBC-B40F-7A8D3F5BAB68}.Release|Any CPU.ActiveCfg = Release|Any CPU
		{AA5C93E2-24C4-4EBC-B40F-7A8D3F5BAB68}.Release|Any CPU.Build.0 = Release|Any CPU
		{AA5C93E2-24C4-4EBC-B40F-7A8D3F5BAB68}.Debug|iPhoneSimulator.ActiveCfg = Debug|Any CPU
		{AA5C93E2-24C4-4EBC-B40F-7A8D3F5BAB68}.Debug|iPhoneSimulator.Build.0 = Debug|Any CPU
		{AA5C93E2-24C4-4EBC-B40F-7A8D3F5BAB68}.Release|iPhone.ActiveCfg = Release|Any CPU
		{AA5C93E2-24C4-4EBC-B40F-7A8D3F5BAB68}.Release|iPhone.Build.0 = Release|Any CPU
		{AA5C93E2-24C4-4EBC-B40F-7A8D3F5BAB68}.Release|iPhoneSimulator.ActiveCfg = Release|Any CPU
		{AA5C93E2-24C4-4EBC-B40F-7A8D3F5BAB68}.Release|iPhoneSimulator.Build.0 = Release|Any CPU
		{AA5C93E2-24C4-4EBC-B40F-7A8D3F5BAB68}.Debug|iPhone.ActiveCfg = Debug|Any CPU
		{AA5C93E2-24C4-4EBC-B40F-7A8D3F5BAB68}.Debug|iPhone.Build.0 = Debug|Any CPU
		{DD3F752B-16D5-44A5-959C-FF6D9AAABC4C}.Debug|Any CPU.ActiveCfg = Debug|Any CPU
		{DD3F752B-16D5-44A5-959C-FF6D9AAABC4C}.Debug|Any CPU.Build.0 = Debug|Any CPU
		{DD3F752B-16D5-44A5-959C-FF6D9AAABC4C}.Release|Any CPU.ActiveCfg = Release|Any CPU
		{DD3F752B-16D5-44A5-959C-FF6D9AAABC4C}.Release|Any CPU.Build.0 = Release|Any CPU
		{DD3F752B-16D5-44A5-959C-FF6D9AAABC4C}.Debug|iPhoneSimulator.ActiveCfg = Debug|Any CPU
		{DD3F752B-16D5-44A5-959C-FF6D9AAABC4C}.Debug|iPhoneSimulator.Build.0 = Debug|Any CPU
		{DD3F752B-16D5-44A5-959C-FF6D9AAABC4C}.Release|iPhone.ActiveCfg = Release|Any CPU
		{DD3F752B-16D5-44A5-959C-FF6D9AAABC4C}.Release|iPhone.Build.0 = Release|Any CPU
		{DD3F752B-16D5-44A5-959C-FF6D9AAABC4C}.Release|iPhoneSimulator.ActiveCfg = Release|Any CPU
		{DD3F752B-16D5-44A5-959C-FF6D9AAABC4C}.Release|iPhoneSimulator.Build.0 = Release|Any CPU
		{DD3F752B-16D5-44A5-959C-FF6D9AAABC4C}.Debug|iPhone.ActiveCfg = Debug|Any CPU
		{DD3F752B-16D5-44A5-959C-FF6D9AAABC4C}.Debug|iPhone.Build.0 = Debug|Any CPU
	EndGlobalSection
	GlobalSection(NestedProjects) = preSolution
		{DD3F752B-16D5-44A5-959C-FF6D9AAABC4C} = {8CB35472-EF3B-48B8-9CAE-F5FCB94B4283}
	EndGlobalSection
EndGlobal
